PODS:
  - ALAPNSManager (0.1.4)
  - ALFoundation (0.1.0):
    - ALAPNSManager (= 0.1.4)
    - ALObserverManager (= 0.1.7)
    - ALURLRouter (= 1.1.0)
    - Aspects (= 1.4.1)
    - JSONModel (~> 1.1.0)
    - libextobjc (~> 0.4.1)
    - ObjcAssociatedObjectHelpers (= 2.0.1)
  - ALObserverManager (0.1.7):
    - ReactiveCocoa
  - ALURLRouter (1.1.0)
  - Aspects (1.4.1)
  - Expecta (1.0.5)
  - JSONModel (1.1.2)
  - libextobjc (0.4.1):
    - libextobjc/EXTADT (= 0.4.1)
    - libextobjc/EXTConcreteProtocol (= 0.4.1)
    - libextobjc/EXTKeyPathCoding (= 0.4.1)
    - libextobjc/EXTNil (= 0.4.1)
    - libextobjc/EXTSafeCategory (= 0.4.1)
    - libextobjc/EXTScope (= 0.4.1)
    - libextobjc/EXTSelectorChecking (= 0.4.1)
    - libextobjc/EXTSynthesize (= 0.4.1)
    - libextobjc/NSInvocation+EXT (= 0.4.1)
    - libextobjc/NSMethodSignature+EXT (= 0.4.1)
    - libextobjc/RuntimeExtensions (= 0.4.1)
    - libextobjc/UmbrellaHeader (= 0.4.1)
  - libextobjc/EXTADT (0.4.1):
    - libextobjc/RuntimeExtensions
  - libextobjc/EXTConcreteProtocol (0.4.1):
    - libextobjc/RuntimeExtensions
  - libextobjc/EXTKeyPathCoding (0.4.1):
    - libextobjc/RuntimeExtensions
  - libextobjc/EXTNil (0.4.1):
    - libextobjc/RuntimeExtensions
  - libextobjc/EXTSafeCategory (0.4.1):
    - libextobjc/RuntimeExtensions
  - libextobjc/EXTScope (0.4.1):
    - libextobjc/RuntimeExtensions
  - libextobjc/EXTSelectorChecking (0.4.1):
    - libextobjc/RuntimeExtensions
  - libextobjc/EXTSynthesize (0.4.1):
    - libextobjc/RuntimeExtensions
  - libextobjc/NSInvocation+EXT (0.4.1):
    - libextobjc/RuntimeExtensions
  - libextobjc/NSMethodSignature+EXT (0.4.1):
    - libextobjc/RuntimeExtensions
  - libextobjc/RuntimeExtensions (0.4.1)
  - libextobjc/UmbrellaHeader (0.4.1)
  - ObjcAssociatedObjectHelpers (2.0.1):
    - ObjcAssociatedObjectHelpers/Core (= 2.0.1)
    - ObjcAssociatedObjectHelpers/NSObject+Dictionary (= 2.0.1)
  - ObjcAssociatedObjectHelpers/Core (2.0.1)
  - ObjcAssociatedObjectHelpers/NSObject+Dictionary (2.0.1):
    - ObjcAssociatedObjectHelpers/Core
  - ReactiveCocoa (2.5):
    - ReactiveCocoa/UI (= 2.5)
  - ReactiveCocoa/Core (2.5):
    - ReactiveCocoa/no-arc
  - ReactiveCocoa/no-arc (2.5)
  - ReactiveCocoa/UI (2.5):
    - ReactiveCocoa/Core
  - Specta (1.0.5)

DEPENDENCIES:
  - ALFoundation (from `../`)
  - Expecta
  - Specta

EXTERNAL SOURCES:
  ALFoundation:
    :path: ../

SPEC CHECKSUMS:
  ALAPNSManager: 21b04990585f1b24e7c9dbd52dec7634e2cd15e0
  ALFoundation: f38578167a36e3a08049625d392424cd4da5dc87
  ALObserverManager: 8fd290f89c29167526df4f60bb24c0b2906a19ad
  ALURLRouter: b3eec2b534aecf9dd585b27c848af884d4b6e83e
  Aspects: 7595ba96a6727a58ebcbfc954497fc5d2fdde546
  Expecta: e1c022fcd33910b6be89c291d2775b3fe27a89fe
  JSONModel: 216584d0311b053ff714f1d6cb700dbf890847bc
  libextobjc: a650fc1bf489a3d3a9bc2e621efa3e1006fc5471
  ObjcAssociatedObjectHelpers: 686c291f292c26a49b9b1fa7d58130a8d35d59d2
  ReactiveCocoa: e2db045570aa97c695e7aa97c2bcab222ae51f4a
  Specta: ac94d110b865115fe60ff2c6d7281053c6f8e8a2

COCOAPODS: 0.39.0
