PODS:
  - ALAPNSManager (0.1.4)
  - ALDEBugTool (0.3.0)
  - ALFoundation (0.1.0):
    - ALAPNSManager (= 0.1.4)
    - ALObserverManager (= 0.1.7)
    - ALURLRouter (= 1.1.0)
    - JSONModel (~> 1.1.0)
    - SDWebImage (= 3.8.2)
    - SDWebImage/WebP (= 3.8.2)
  - ALObserverManager (0.1.7):
    - ReactiveCocoa
  - ALURLRouter (1.1.0)
  - Expecta (1.0.6)
  - JSONModel (1.1.2)
  - libwebp (1.0.0):
    - libwebp/core (= 1.0.0)
    - libwebp/dec (= 1.0.0)
    - libwebp/demux (= 1.0.0)
    - libwebp/dsp (= 1.0.0)
    - libwebp/enc (= 1.0.0)
    - libwebp/mux (= 1.0.0)
    - libwebp/utils (= 1.0.0)
    - libwebp/webp (= 1.0.0)
  - libwebp/core (1.0.0):
    - libwebp/webp
  - libwebp/dec (1.0.0):
    - libwebp/core
  - libwebp/demux (1.0.0):
    - libwebp/core
  - libwebp/dsp (1.0.0):
    - libwebp/core
  - libwebp/enc (1.0.0):
    - libwebp/core
  - libwebp/mux (1.0.0):
    - libwebp/core
  - libwebp/utils (1.0.0):
    - libwebp/core
  - libwebp/webp (1.0.0)
  - ReactiveCocoa (2.5):
    - ReactiveCocoa/UI (= 2.5)
  - ReactiveCocoa/Core (2.5):
    - ReactiveCocoa/no-arc
  - ReactiveCocoa/no-arc (2.5)
  - ReactiveCocoa/UI (2.5):
    - ReactiveCocoa/Core
  - SDWebImage (3.8.2):
    - SDWebImage/Core (= 3.8.2)
  - SDWebImage/Core (3.8.2)
  - SDWebImage/WebP (3.8.2):
    - libwebp
    - SDWebImage/Core
  - Specta (1.0.7)

DEPENDENCIES:
  - ALDEBugTool
  - ALFoundation (from `../`)
  - Expecta
  - Specta

EXTERNAL SOURCES:
  ALFoundation:
    :path: ../

SPEC CHECKSUMS:
  ALAPNSManager: 21b04990585f1b24e7c9dbd52dec7634e2cd15e0
  ALDEBugTool: 445cc42ee9856972c1f3c04ed64bb5b994f800c8
  ALFoundation: bb272f29e05b43b3681d83ce97bab8ed23b66f2c
  ALObserverManager: 8fd290f89c29167526df4f60bb24c0b2906a19ad
  ALURLRouter: b3eec2b534aecf9dd585b27c848af884d4b6e83e
  Expecta: 3b6bd90a64b9a1dcb0b70aa0e10a7f8f631667d5
  JSONModel: 216584d0311b053ff714f1d6cb700dbf890847bc
  libwebp: d7e0c95fe97245c97e08101eba10702ebb0f6101
  ReactiveCocoa: e2db045570aa97c695e7aa97c2bcab222ae51f4a
  SDWebImage: 098e97e6176540799c27e804c96653ee0833d13c
  Specta: 3e1bd89c3517421982dc4d1c992503e48bd5fe66

PODFILE CHECKSUM: d2c29f05c9976e4b9ad18ec73a51ff3c58695706

COCOAPODS: 1.3.1
