PODS:
  - ALAPNSManager (0.1.4)
  - ALDEBugTool (0.1.0)
  - ALFoundation (0.1.0):
    - ALAPNSManager (= 0.1.4)
    - ALObserverManager (= 0.1.7)
    - ALURLRouter (= 1.1.0)
    - JSONModel (~> 1.1.0)
    - ONEUIKit/HUD
    - SDWebImage
    - SDWebImage/WebP
  - ALObserverManager (0.1.7):
    - ReactiveCocoa
  - ALURLRouter (1.1.0)
  - Expecta (1.0.5)
  - JSONModel (1.1.2)
  - libwebp (0.5.1):
    - libwebp/core (= 0.5.1)
    - libwebp/dec (= 0.5.1)
    - libwebp/demux (= 0.5.1)
    - libwebp/dsp (= 0.5.1)
    - libwebp/enc (= 0.5.1)
    - libwebp/mux (= 0.5.1)
    - libwebp/utils (= 0.5.1)
    - libwebp/webp (= 0.5.1)
  - libwebp/core (0.5.1):
    - libwebp/webp
  - libwebp/dec (0.5.1):
    - libwebp/core
  - libwebp/demux (0.5.1):
    - libwebp/core
  - libwebp/dsp (0.5.1):
    - libwebp/core
  - libwebp/enc (0.5.1):
    - libwebp/core
  - libwebp/mux (0.5.1):
    - libwebp/core
  - libwebp/utils (0.5.1):
    - libwebp/core
  - libwebp/webp (0.5.1)
  - ONEUIKit/Helper (1.0.6)
  - ONEUIKit/HUD (1.0.6):
    - ONEUIKit/Helper
    - ONEUIKit/Theme
  - ONEUIKit/Theme (1.0.6)
  - ReactiveCocoa (2.5):
    - ReactiveCocoa/UI (= 2.5)
  - ReactiveCocoa/Core (2.5):
    - ReactiveCocoa/no-arc
  - ReactiveCocoa/no-arc (2.5)
  - ReactiveCocoa/UI (2.5):
    - ReactiveCocoa/Core
  - SDWebImage (3.8.2):
    - SDWebImage/Core (= 3.8.2)
  - SDWebImage/Core (3.8.2)
  - SDWebImage/WebP (3.8.2):
    - libwebp
    - SDWebImage/Core
  - Specta (1.0.5)

DEPENDENCIES:
  - ALDEBugTool (from `https://github.com/alex520biao/ALDEBugTool.git`, branch `master`)
  - ALFoundation (from `../`)
  - Expecta
  - Specta

EXTERNAL SOURCES:
  ALDEBugTool:
    :branch: master
    :git: https://github.com/alex520biao/ALDEBugTool.git
  ALFoundation:
    :path: "../"

CHECKOUT OPTIONS:
  ALDEBugTool:
    :commit: 8e71fa7486307f823cac2a35e406f27a544fe228
    :git: https://github.com/alex520biao/ALDEBugTool.git

SPEC CHECKSUMS:
  ALAPNSManager: 21b04990585f1b24e7c9dbd52dec7634e2cd15e0
  ALDEBugTool: 0058dd93e7d2a4feecef4ce6bee020c25677ad21
  ALFoundation: 5f54e7675a79bfb7300515175289bd5de9a053c8
  ALObserverManager: 8fd290f89c29167526df4f60bb24c0b2906a19ad
  ALURLRouter: b3eec2b534aecf9dd585b27c848af884d4b6e83e
  Expecta: e1c022fcd33910b6be89c291d2775b3fe27a89fe
  JSONModel: 216584d0311b053ff714f1d6cb700dbf890847bc
  libwebp: b9126f8982a95370cf4eaad9bb3fefd57f052c15
  ONEUIKit: ff0a30014c3a7626ed81dd44ae3cd426862a7151
  ReactiveCocoa: e2db045570aa97c695e7aa97c2bcab222ae51f4a
  SDWebImage: 098e97e6176540799c27e804c96653ee0833d13c
  Specta: ac94d110b865115fe60ff2c6d7281053c6f8e8a2

PODFILE CHECKSUM: 3fca5e135f44c6dc6faec9b19bf3fb58bac41b62

COCOAPODS: 1.1.1
